
Microsoft Visual Studio Solution File, Format Version 12.00
Project("{2150E333-8FDC-42A3-9474-1A3956D46DE8}") = "Enums", "Enums", "{83202166-5E23-45A3-8EAA-BD9C5525A8B8}"
EndProject
Project("{2150E333-8FDC-42A3-9474-1A3956D46DE8}") = "_PyMathSDK.Build", "_PyMathSDK.Build", "{1D2CC9A9-973F-40F6-B95A-1F45BDEE79F1}"
EndProject
Project("{FAE04EC0-301F-11D3-BF4B-00C04F79EFBC}") = "_PyMathSDK.Build.Development", "_PyMathSDK.Build.Development\_PyMathSDK.Build.Development.csproj", "{0DE68D6C-7C2C-43BF-B5E3-82839032AFBB}"
EndProject
Project("{FAE04EC0-301F-11D3-BF4B-00C04F79EFBC}") = "PyMathSDK.Enums.Country", "PyMathSDK.Enums\PyMathSDK.Enums.Country\PyMathSDK.Enums.Country.csproj", "{77BAE305-2350-4696-93C3-A502F17B2E18}"
EndProject
Global
	GlobalSection(SolutionConfigurationPlatforms) = preSolution
		Debug|Any CPU = Debug|Any CPU
		Release|Any CPU = Release|Any CPU
	EndGlobalSection
	GlobalSection(ProjectConfigurationPlatforms) = postSolution
		{0DE68D6C-7C2C-43BF-B5E3-82839032AFBB}.Debug|Any CPU.ActiveCfg = Debug|Any CPU
		{0DE68D6C-7C2C-43BF-B5E3-82839032AFBB}.Debug|Any CPU.Build.0 = Debug|Any CPU
		{0DE68D6C-7C2C-43BF-B5E3-82839032AFBB}.Release|Any CPU.ActiveCfg = Release|Any CPU
		{0DE68D6C-7C2C-43BF-B5E3-82839032AFBB}.Release|Any CPU.Build.0 = Release|Any CPU
		{77BAE305-2350-4696-93C3-A502F17B2E18}.Debug|Any CPU.ActiveCfg = Debug|Any CPU
		{77BAE305-2350-4696-93C3-A502F17B2E18}.Debug|Any CPU.Build.0 = Debug|Any CPU
		{77BAE305-2350-4696-93C3-A502F17B2E18}.Release|Any CPU.ActiveCfg = Release|Any CPU
		{77BAE305-2350-4696-93C3-A502F17B2E18}.Release|Any CPU.Build.0 = Release|Any CPU
	EndGlobalSection
	GlobalSection(NestedProjects) = preSolution
		{0DE68D6C-7C2C-43BF-B5E3-82839032AFBB} = {1D2CC9A9-973F-40F6-B95A-1F45BDEE79F1}
		{77BAE305-2350-4696-93C3-A502F17B2E18} = {83202166-5E23-45A3-8EAA-BD9C5525A8B8}
	EndGlobalSection
EndGlobal
