
Microsoft Visual Studio Solution File, Format Version 12.00
Project("{2150E333-8FDC-42A3-9474-1A3956D46DE8}") = "_Build", "_Build", "{1D2CC9A9-973F-40F6-B95A-1F45BDEE79F1}"
EndProject
Project("{FAE04EC0-301F-11D3-BF4B-00C04F79EFBC}") = "_PyMathSDK.Build.Development", "_PyMathSDK.Build.Development\_PyMathSDK.Build.Development.csproj", "{0DE68D6C-7C2C-43BF-B5E3-82839032AFBB}"
EndProject
Project("{FAE04EC0-301F-11D3-BF4B-00C04F79EFBC}") = "_PyMathSDK.Build.Release", "_PyMathSDK.Build.Release\_PyMathSDK.Build.Release.csproj", "{80C8205D-040B-4D64-AA8A-6B95735F07DA}"
EndProject
Project("{2150E333-8FDC-42A3-9474-1A3956D46DE8}") = "Common", "Common", "{84A700F7-67E6-4FD2-BF54-2FE15026BEB8}"
EndProject
Project("{FAE04EC0-301F-11D3-BF4B-00C04F79EFBC}") = "PyMathSDK.Common.Enums", "PyMathSDK.Common.Enums\PyMathSDK.Common.Enums.csproj", "{F9FCC1C8-1702-4CFD-AB3F-1E492E0C88BC}"
EndProject
Project("{FAE04EC0-301F-11D3-BF4B-00C04F79EFBC}") = "MassTransit.DataAccess", "MassTransit.DataAccess\MassTransit.DataAccess.csproj", "{31CCFC01-595D-4CCA-A583-D211A1732C33}"
EndProject
Project("{FAE04EC0-301F-11D3-BF4B-00C04F79EFBC}") = "WebApplication", "WebApplication\WebApplication.csproj", "{FF2D4C69-429A-4385-95CB-F434DADBC689}"
EndProject
Project("{FAE04EC0-301F-11D3-BF4B-00C04F79EFBC}") = "PyMathSDK.Common.MassTransit", "PyMathSDK.Common.MassTransit\PyMathSDK.Common.MassTransit.csproj", "{4A4CA112-23FE-4523-A590-52600580F9E7}"
EndProject
Global
	GlobalSection(SolutionConfigurationPlatforms) = preSolution
		Debug|Any CPU = Debug|Any CPU
		Release|Any CPU = Release|Any CPU
	EndGlobalSection
	GlobalSection(ProjectConfigurationPlatforms) = postSolution
		{0DE68D6C-7C2C-43BF-B5E3-82839032AFBB}.Debug|Any CPU.ActiveCfg = Debug|Any CPU
		{0DE68D6C-7C2C-43BF-B5E3-82839032AFBB}.Debug|Any CPU.Build.0 = Debug|Any CPU
		{0DE68D6C-7C2C-43BF-B5E3-82839032AFBB}.Release|Any CPU.ActiveCfg = Release|Any CPU
		{0DE68D6C-7C2C-43BF-B5E3-82839032AFBB}.Release|Any CPU.Build.0 = Release|Any CPU
		{80C8205D-040B-4D64-AA8A-6B95735F07DA}.Debug|Any CPU.ActiveCfg = Debug|Any CPU
		{80C8205D-040B-4D64-AA8A-6B95735F07DA}.Debug|Any CPU.Build.0 = Debug|Any CPU
		{80C8205D-040B-4D64-AA8A-6B95735F07DA}.Release|Any CPU.ActiveCfg = Release|Any CPU
		{80C8205D-040B-4D64-AA8A-6B95735F07DA}.Release|Any CPU.Build.0 = Release|Any CPU
		{F9FCC1C8-1702-4CFD-AB3F-1E492E0C88BC}.Debug|Any CPU.ActiveCfg = Debug|Any CPU
		{F9FCC1C8-1702-4CFD-AB3F-1E492E0C88BC}.Debug|Any CPU.Build.0 = Debug|Any CPU
		{F9FCC1C8-1702-4CFD-AB3F-1E492E0C88BC}.Release|Any CPU.ActiveCfg = Release|Any CPU
		{F9FCC1C8-1702-4CFD-AB3F-1E492E0C88BC}.Release|Any CPU.Build.0 = Release|Any CPU
		{31CCFC01-595D-4CCA-A583-D211A1732C33}.Debug|Any CPU.ActiveCfg = Debug|Any CPU
		{31CCFC01-595D-4CCA-A583-D211A1732C33}.Debug|Any CPU.Build.0 = Debug|Any CPU
		{31CCFC01-595D-4CCA-A583-D211A1732C33}.Release|Any CPU.ActiveCfg = Release|Any CPU
		{31CCFC01-595D-4CCA-A583-D211A1732C33}.Release|Any CPU.Build.0 = Release|Any CPU
		{FF2D4C69-429A-4385-95CB-F434DADBC689}.Debug|Any CPU.ActiveCfg = Debug|Any CPU
		{FF2D4C69-429A-4385-95CB-F434DADBC689}.Debug|Any CPU.Build.0 = Debug|Any CPU
		{FF2D4C69-429A-4385-95CB-F434DADBC689}.Release|Any CPU.ActiveCfg = Release|Any CPU
		{FF2D4C69-429A-4385-95CB-F434DADBC689}.Release|Any CPU.Build.0 = Release|Any CPU
		{4A4CA112-23FE-4523-A590-52600580F9E7}.Debug|Any CPU.ActiveCfg = Debug|Any CPU
		{4A4CA112-23FE-4523-A590-52600580F9E7}.Debug|Any CPU.Build.0 = Debug|Any CPU
		{4A4CA112-23FE-4523-A590-52600580F9E7}.Release|Any CPU.ActiveCfg = Release|Any CPU
		{4A4CA112-23FE-4523-A590-52600580F9E7}.Release|Any CPU.Build.0 = Release|Any CPU
	EndGlobalSection
	GlobalSection(NestedProjects) = preSolution
		{0DE68D6C-7C2C-43BF-B5E3-82839032AFBB} = {1D2CC9A9-973F-40F6-B95A-1F45BDEE79F1}
		{80C8205D-040B-4D64-AA8A-6B95735F07DA} = {1D2CC9A9-973F-40F6-B95A-1F45BDEE79F1}
		{F9FCC1C8-1702-4CFD-AB3F-1E492E0C88BC} = {84A700F7-67E6-4FD2-BF54-2FE15026BEB8}
		{31CCFC01-595D-4CCA-A583-D211A1732C33} = {84A700F7-67E6-4FD2-BF54-2FE15026BEB8}
		{4A4CA112-23FE-4523-A590-52600580F9E7} = {84A700F7-67E6-4FD2-BF54-2FE15026BEB8}
	EndGlobalSection
EndGlobal
