
Microsoft Visual Studio Solution File, Format Version 12.00
Project("{2150E333-8FDC-42A3-9474-1A3956D46DE8}") = "Enums", "Enums", "{83202166-5E23-45A3-8EAA-BD9C5525A8B8}"
EndProject
Project("{2150E333-8FDC-42A3-9474-1A3956D46DE8}") = "_PyMathSDK.Build", "_PyMathSDK.Build", "{1D2CC9A9-973F-40F6-B95A-1F45BDEE79F1}"
EndProject
Project("{FAE04EC0-301F-11D3-BF4B-00C04F79EFBC}") = "_PyMathSDK.Build.Development", "_PyMathSDK.Build.Development\_PyMathSDK.Build.Development.csproj", "{0DE68D6C-7C2C-43BF-B5E3-82839032AFBB}"
EndProject
Project("{FAE04EC0-301F-11D3-BF4B-00C04F79EFBC}") = "_PyMathSDK.Build.Release", "_PyMathSDK.Build.Release\_PyMathSDK.Build.Release.csproj", "{80C8205D-040B-4D64-AA8A-6B95735F07DA}"
EndProject
Project("{FAE04EC0-301F-11D3-BF4B-00C04F79EFBC}") = "PyMathSDK.Enums.Country", "PyMathSDK.Enums.Country\PyMathSDK.Enums.Country.csproj", "{FBCE98DD-6437-458E-9034-079F47E985C2}"
EndProject
Project("{FAE04EC0-301F-11D3-BF4B-00C04F79EFBC}") = "PyMathSDK.Enums.Currency", "PyMathSDK.Enums.Currency\PyMathSDK.Enums.Currency.csproj", "{E62E236F-472B-44E5-98D8-C8FC4A580556}"
EndProject
Global
	GlobalSection(SolutionConfigurationPlatforms) = preSolution
		Debug|Any CPU = Debug|Any CPU
		Release|Any CPU = Release|Any CPU
	EndGlobalSection
	GlobalSection(ProjectConfigurationPlatforms) = postSolution
		{0DE68D6C-7C2C-43BF-B5E3-82839032AFBB}.Debug|Any CPU.ActiveCfg = Debug|Any CPU
		{0DE68D6C-7C2C-43BF-B5E3-82839032AFBB}.Debug|Any CPU.Build.0 = Debug|Any CPU
		{0DE68D6C-7C2C-43BF-B5E3-82839032AFBB}.Release|Any CPU.ActiveCfg = Release|Any CPU
		{0DE68D6C-7C2C-43BF-B5E3-82839032AFBB}.Release|Any CPU.Build.0 = Release|Any CPU
		{80C8205D-040B-4D64-AA8A-6B95735F07DA}.Debug|Any CPU.ActiveCfg = Debug|Any CPU
		{80C8205D-040B-4D64-AA8A-6B95735F07DA}.Debug|Any CPU.Build.0 = Debug|Any CPU
		{80C8205D-040B-4D64-AA8A-6B95735F07DA}.Release|Any CPU.ActiveCfg = Release|Any CPU
		{80C8205D-040B-4D64-AA8A-6B95735F07DA}.Release|Any CPU.Build.0 = Release|Any CPU
		{FBCE98DD-6437-458E-9034-079F47E985C2}.Debug|Any CPU.ActiveCfg = Debug|Any CPU
		{FBCE98DD-6437-458E-9034-079F47E985C2}.Debug|Any CPU.Build.0 = Debug|Any CPU
		{FBCE98DD-6437-458E-9034-079F47E985C2}.Release|Any CPU.ActiveCfg = Release|Any CPU
		{FBCE98DD-6437-458E-9034-079F47E985C2}.Release|Any CPU.Build.0 = Release|Any CPU
		{E62E236F-472B-44E5-98D8-C8FC4A580556}.Debug|Any CPU.ActiveCfg = Debug|Any CPU
		{E62E236F-472B-44E5-98D8-C8FC4A580556}.Debug|Any CPU.Build.0 = Debug|Any CPU
		{E62E236F-472B-44E5-98D8-C8FC4A580556}.Release|Any CPU.ActiveCfg = Release|Any CPU
		{E62E236F-472B-44E5-98D8-C8FC4A580556}.Release|Any CPU.Build.0 = Release|Any CPU
	EndGlobalSection
	GlobalSection(NestedProjects) = preSolution
		{0DE68D6C-7C2C-43BF-B5E3-82839032AFBB} = {1D2CC9A9-973F-40F6-B95A-1F45BDEE79F1}
		{80C8205D-040B-4D64-AA8A-6B95735F07DA} = {1D2CC9A9-973F-40F6-B95A-1F45BDEE79F1}
		{FBCE98DD-6437-458E-9034-079F47E985C2} = {83202166-5E23-45A3-8EAA-BD9C5525A8B8}
		{E62E236F-472B-44E5-98D8-C8FC4A580556} = {83202166-5E23-45A3-8EAA-BD9C5525A8B8}
	EndGlobalSection
EndGlobal
